{
  "name": "snap-construction-system",
  "version": "0.1.0",
  "lockfileVersion": 3,
  "requires": true,
  "packages": {
    "": {
      "name": "snap-construction-system",
      "version": "0.1.0",
      "license": "MIT",
      "devDependencies": {
        "typescript": "^5.7.0"
      },
      "peerDependencies": {
        "@dimforge/rapier3d": ">=0.17.0",
        "three": ">=0.160.0"
      }
    },
    "node_modules/@dimforge/rapier3d": {
      "version": "0.19.3",
      "resolved": "https://registry.npmjs.org/@dimforge/rapier3d/-/rapier3d-0.19.3.tgz",
      "integrity": "sha512-tkD1tvHTDML0W9s9rUYAsx0btO9LbVTnMBKJWVgOsas5haGFbYY+pzr5hbwYysv/IJmgmMrIFoVWIcsaCUE9ow==",
      "peer": true
    },
    "node_modules/three": {
      "version": "0.183.2",
      "resolved": "https://registry.npmjs.org/three/-/three-0.183.2.tgz",
      "integrity": "sha512-di3BsL2FEQ1PA7Hcvn4fyJOlxRRgFYBpMTcyOgkwJIaDOdJMebEFPA+t98EvjuljDx4hNulAGwF6KIjtwI5jgQ==",
      "peer": true
    },
    "node_modules/typescript": {
      "version": "5.9.3",
      "resolved": "https://registry.npmjs.org/typescript/-/typescript-5.9.3.tgz",
      "integrity": "sha512-jl1vZzPDinLr9eUt3J/t7V6FgNEw9QjvBPdysz9KfQDD41fQrC2Y4vKQdiaUpFT4bXlb1RHhLpp8wtm6M5TgSw==",
      "dev": true,
      "bin": {
        "tsc": "bin/tsc",
        "tsserver": "bin/tsserver"
      },
      "engines": {
        "node": ">=14.17"
      }
    }
  }
}
